# THIS IS AN AUTOGENERATED FILE. DO NOT EDIT THIS FILE DIRECTLY.
# yarn lockfile v1


accepts@~1.3.3:
  version "1.3.3"
  resolved "https://registry.yarnpkg.com/accepts/-/accepts-1.3.3.tgz#c3ca7434938648c3e0d9c1e328dd68b622c284ca"
  dependencies:
    mime-types "~2.1.11"
    negotiator "0.6.1"

amqplib@^0.4.2:
  version "0.4.2"
  resolved "https://registry.yarnpkg.com/amqplib/-/amqplib-0.4.2.tgz#5e4a2a914ccb3125f9cb91f6da07c97aa4cb13a6"
  dependencies:
    bitsyntax "~0.0.4"
    buffer-more-ints "0.0.2"
    readable-stream "1.x >=1.1.9"
    when "~3.6.2"

amqpuri@^1.0.2:
  version "1.0.3"
  resolved "https://registry.yarnpkg.com/amqpuri/-/amqpuri-1.0.3.tgz#0001c3774ab3a3dedab6c05943bd76cd4dc82608"
  dependencies:
    lodash.last "^3.0.0"
    lodash.pick "^4.4.0"

angular-ui-router@^0.4.2:
  version "0.4.2"
  resolved "https://registry.yarnpkg.com/angular-ui-router/-/angular-ui-router-0.4.2.tgz#b6aed1ca69a683c82e3992898eabd4ba15868608"
  dependencies:
    angular "^1.0.8"

angular@^1.0.8, angular@^1.6.1:
  version "1.6.1"
  resolved "https://registry.yarnpkg.com/angular/-/angular-1.6.1.tgz#a7b6d763a74c157325692619e97257e69d9b6a27"

archy@1.0.0:
  version "1.0.0"
  resolved "https://registry.yarnpkg.com/archy/-/archy-1.0.0.tgz#f9c8c13757cc1dd7bc379ac77b2c62a5c2868c40"

array-flatten@1.1.1:
  version "1.1.1"
  resolved "https://registry.yarnpkg.com/array-flatten/-/array-flatten-1.1.1.tgz#9a5f699051b1e7073328f2a008968b64ea2955d2"

backoff@~2.5.0:
  version "2.5.0"
  resolved "https://registry.yarnpkg.com/backoff/-/backoff-2.5.0.tgz#f616eda9d3e4b66b8ca7fca79f695722c5f8e26f"
  dependencies:
    precond "0.2"

basic-auth@~1.0.3:
  version "1.0.4"
  resolved "https://registry.yarnpkg.com/basic-auth/-/basic-auth-1.0.4.tgz#030935b01de7c9b94a824b29f3fccb750d3a5290"

bitsyntax@~0.0.4:
  version "0.0.4"
  resolved "https://registry.yarnpkg.com/bitsyntax/-/bitsyntax-0.0.4.tgz#eb10cc6f82b8c490e3e85698f07e83d46e0cba82"
  dependencies:
    buffer-more-ints "0.0.2"

bluebird@^3.4.6:
  version "3.4.7"
  resolved "https://registry.yarnpkg.com/bluebird/-/bluebird-3.4.7.tgz#f72d760be09b7f76d08ed8fae98b289a8d05fab3"

boom@3.x.x:
  version "3.2.2"
  resolved "https://registry.yarnpkg.com/boom/-/boom-3.2.2.tgz#0f0cc5d04adc5003b8c7d71f42cca7271fef0e78"
  dependencies:
    hoek "4.x.x"

bootstrap@^3.3.7:
  version "3.3.7"
  resolved "https://registry.yarnpkg.com/bootstrap/-/bootstrap-3.3.7.tgz#5a389394549f23330875a3b150656574f8a9eb71"

buffer-more-ints@0.0.2:
  version "0.0.2"
  resolved "https://registry.yarnpkg.com/buffer-more-ints/-/buffer-more-ints-0.0.2.tgz#26b3885d10fa13db7fc01aae3aab870199e0124c"

camelize@1.0.0:
  version "1.0.0"
  resolved "https://registry.yarnpkg.com/camelize/-/camelize-1.0.0.tgz#164a5483e630fa4321e5af07020e531831b2609b"

connect@3.5.0:
  version "3.5.0"
  resolved "https://registry.yarnpkg.com/connect/-/connect-3.5.0.tgz#b357525a0b4c1f50599cd983e1d9efeea9677198"
  dependencies:
    debug "~2.2.0"
    finalhandler "0.5.0"
    parseurl "~1.3.1"
    utils-merge "1.0.0"

content-disposition@0.5.1:
  version "0.5.1"
  resolved "https://registry.yarnpkg.com/content-disposition/-/content-disposition-0.5.1.tgz#87476c6a67c8daa87e32e87616df883ba7fb071b"

content-security-policy-builder@1.1.0:
  version "1.1.0"
  resolved "https://registry.yarnpkg.com/content-security-policy-builder/-/content-security-policy-builder-1.1.0.tgz#d91f1b076236c119850c7dee9924bf55e05772b3"
  dependencies:
    dashify "^0.2.0"

content-type@~1.0.2:
  version "1.0.2"
  resolved "https://registry.yarnpkg.com/content-type/-/content-type-1.0.2.tgz#b7d113aee7a8dd27bd21133c4dc2529df1721eed"

cookie-signature@1.0.6:
  version "1.0.6"
  resolved "https://registry.yarnpkg.com/cookie-signature/-/cookie-signature-1.0.6.tgz#e303a882b342cc3ee8ca513a79999734dab3ae2c"

cookie@0.3.1:
  version "0.3.1"
  resolved "https://registry.yarnpkg.com/cookie/-/cookie-0.3.1.tgz#e7e0a1f9ef43b4c8ba925c5c5a96e806d16873bb"

core-util-is@1.0.2, core-util-is@~1.0.0:
  version "1.0.2"
  resolved "https://registry.yarnpkg.com/core-util-is/-/core-util-is-1.0.2.tgz#b5fd54220aa2bc5ab57aab7140c940754503c1a7"

dasherize@2.0.0:
  version "2.0.0"
  resolved "https://registry.yarnpkg.com/dasherize/-/dasherize-2.0.0.tgz#6d809c9cd0cf7bb8952d80fc84fa13d47ddb1308"

dashify@^0.2.0:
  version "0.2.2"
  resolved "https://registry.yarnpkg.com/dashify/-/dashify-0.2.2.tgz#6a07415a01c91faf4a32e38d9dfba71f61cb20fe"

debug@~2.2.0:
  version "2.2.0"
  resolved "https://registry.yarnpkg.com/debug/-/debug-2.2.0.tgz#f87057e995b1a1f6ae6a4960664137bc56f039da"
  dependencies:
    ms "0.7.1"

depd@~1.1.0:
  version "1.1.0"
  resolved "https://registry.yarnpkg.com/depd/-/depd-1.1.0.tgz#e1bd82c6aab6ced965b97b88b17ed3e528ca18c3"

destroy@~1.0.4:
  version "1.0.4"
  resolved "https://registry.yarnpkg.com/destroy/-/destroy-1.0.4.tgz#978857442c44749e4206613e37946205826abd80"

dns-prefetch-control@0.1.0:
  version "0.1.0"
  resolved "https://registry.yarnpkg.com/dns-prefetch-control/-/dns-prefetch-control-0.1.0.tgz#60ddb457774e178f1f9415f0cabb0e85b0b300b2"

dont-sniff-mimetype@1.0.0:
  version "1.0.0"
  resolved "https://registry.yarnpkg.com/dont-sniff-mimetype/-/dont-sniff-mimetype-1.0.0.tgz#5932890dc9f4e2f19e5eb02a20026e5e5efc8f58"

ee-first@1.1.1:
  version "1.1.1"
  resolved "https://registry.yarnpkg.com/ee-first/-/ee-first-1.1.1.tgz#590c61156b0ae2f4f0255732a158b266bc56b21d"

encodeurl@~1.0.1:
  version "1.0.1"
  resolved "https://registry.yarnpkg.com/encodeurl/-/encodeurl-1.0.1.tgz#79e3d58655346909fe6f0f45a5de68103b294d20"

eraro@0.4.1, eraro@^0.4.1, eraro@~0.4.1:
  version "0.4.1"
  resolved "https://registry.yarnpkg.com/eraro/-/eraro-0.4.1.tgz#6538730769a1e89ffc3f0c7e2c94d5a1f866629d"
  dependencies:
    lodash "~2.4.1"

escape-html@~1.0.3:
  version "1.0.3"
  resolved "https://registry.yarnpkg.com/escape-html/-/escape-html-1.0.3.tgz#0258eae4d3d0c0974de1c169188ef0051d1d1988"

etag@~1.7.0:
  version "1.7.0"
  resolved "https://registry.yarnpkg.com/etag/-/etag-1.7.0.tgz#03d30b5f67dd6e632d2945d30d6652731a34d5d8"

express@^4.14.0:
  version "4.14.0"
  resolved "https://registry.yarnpkg.com/express/-/express-4.14.0.tgz#c1ee3f42cdc891fb3dc650a8922d51ec847d0d66"
  dependencies:
    accepts "~1.3.3"
    array-flatten "1.1.1"
    content-disposition "0.5.1"
    content-type "~1.0.2"
    cookie "0.3.1"
    cookie-signature "1.0.6"
    debug "~2.2.0"
    depd "~1.1.0"
    encodeurl "~1.0.1"
    escape-html "~1.0.3"
    etag "~1.7.0"
    finalhandler "0.5.0"
    fresh "0.3.0"
    merge-descriptors "1.0.1"
    methods "~1.1.2"
    on-finished "~2.3.0"
    parseurl "~1.3.1"
    path-to-regexp "0.1.7"
    proxy-addr "~1.1.2"
    qs "6.2.0"
    range-parser "~1.2.0"
    send "0.14.1"
    serve-static "~1.11.1"
    type-is "~1.6.13"
    utils-merge "1.0.0"
    vary "~1.1.0"

finalhandler@0.5.0:
  version "0.5.0"
  resolved "https://registry.yarnpkg.com/finalhandler/-/finalhandler-0.5.0.tgz#e9508abece9b6dba871a6942a1d7911b91911ac7"
  dependencies:
    debug "~2.2.0"
    escape-html "~1.0.3"
    on-finished "~2.3.0"
    statuses "~1.3.0"
    unpipe "~1.0.0"

forwarded@~0.1.0:
  version "0.1.0"
  resolved "https://registry.yarnpkg.com/forwarded/-/forwarded-0.1.0.tgz#19ef9874c4ae1c297bcf078fde63a09b66a84363"

frameguard@3.0.0:
  version "3.0.0"
  resolved "https://registry.yarnpkg.com/frameguard/-/frameguard-3.0.0.tgz#7bcad469ee7b96e91d12ceb3959c78235a9272e9"

fresh@0.3.0:
  version "0.3.0"
  resolved "https://registry.yarnpkg.com/fresh/-/fresh-0.3.0.tgz#651f838e22424e7566de161d8358caa199f83d4f"

gate-executor@1.1.1:
  version "1.1.1"
  resolved "https://registry.yarnpkg.com/gate-executor/-/gate-executor-1.1.1.tgz#667f677284a0dbe86b6c48a0b4afe8c484812caf"

gex@0.2.2:
  version "0.2.2"
  resolved "https://registry.yarnpkg.com/gex/-/gex-0.2.2.tgz#2d409d2430959708da55cf56294c64f6d8973487"
  dependencies:
    lodash "3.10.0"

helmet-csp@2.3.0:
  version "2.3.0"
  resolved "https://registry.yarnpkg.com/helmet-csp/-/helmet-csp-2.3.0.tgz#bc341939dfef5266cc817abcf53f079f61fe7e3f"
  dependencies:
    camelize "1.0.0"
    content-security-policy-builder "1.1.0"
    dasherize "2.0.0"
    lodash.reduce "4.6.0"
    platform "1.3.3"

helmet@^3.4.0:
  version "3.4.0"
  resolved "https://registry.yarnpkg.com/helmet/-/helmet-3.4.0.tgz#05a9437486b05ca219ed8d21dc5e3b6ec0c18118"
  dependencies:
    connect "3.5.0"
    dns-prefetch-control "0.1.0"
    dont-sniff-mimetype "1.0.0"
    frameguard "3.0.0"
    helmet-csp "2.3.0"
    hide-powered-by "1.0.0"
    hpkp "2.0.0"
    hsts "2.0.0"
    ienoopen "1.0.0"
    nocache "2.0.0"
    referrer-policy "1.1.0"
    x-xss-protection "1.0.0"

hide-powered-by@1.0.0:
  version "1.0.0"
  resolved "https://registry.yarnpkg.com/hide-powered-by/-/hide-powered-by-1.0.0.tgz#4a85ad65881f62857fc70af7174a1184dccce32b"

hoek@4.x.x:
  version "4.1.0"
  resolved "https://registry.yarnpkg.com/hoek/-/hoek-4.1.0.tgz#4a4557460f69842ed463aa00628cc26d2683afa7"

hpkp@2.0.0:
  version "2.0.0"
  resolved "https://registry.yarnpkg.com/hpkp/-/hpkp-2.0.0.tgz#10e142264e76215a5d30c44ec43de64dee6d1672"

hsts@2.0.0:
  version "2.0.0"
  resolved "https://registry.yarnpkg.com/hsts/-/hsts-2.0.0.tgz#a52234c6070decf214b2b6b70bb144d07e4776c7"
  dependencies:
    core-util-is "1.0.2"

http-errors@~1.5.0, http-errors@~1.5.1:
  version "1.5.1"
  resolved "https://registry.yarnpkg.com/http-errors/-/http-errors-1.5.1.tgz#788c0d2c1de2c81b9e6e8c01843b6b97eb920750"
  dependencies:
    inherits "2.0.3"
    setprototypeof "1.0.2"
    statuses ">= 1.3.1 < 2"

ienoopen@1.0.0:
  version "1.0.0"
  resolved "https://registry.yarnpkg.com/ienoopen/-/ienoopen-1.0.0.tgz#346a428f474aac8f50cf3784ea2d0f16f62bda6b"

inherits@2.0.3, inherits@~2.0.1:
  version "2.0.3"
  resolved "https://registry.yarnpkg.com/inherits/-/inherits-2.0.3.tgz#633c2c83e3da42a502f52466022480f4208261de"

ipaddr.js@1.2.0:
  version "1.2.0"
  resolved "https://registry.yarnpkg.com/ipaddr.js/-/ipaddr.js-1.2.0.tgz#8aba49c9192799585bdd643e0ccb50e8ae777ba4"

isarray@0.0.1:
  version "0.0.1"
  resolved "https://registry.yarnpkg.com/isarray/-/isarray-0.0.1.tgz#8a18acfca9a8f4177e09abfc6038939b05d1eedf"

jquery@^3.1.1:
  version "3.1.1"
  resolved "https://registry.yarnpkg.com/jquery/-/jquery-3.1.1.tgz#347c1c21c7e004115e0a4da32cece041fad3c8a3"

json-stringify-safe@5.0.1:
  version "5.0.1"
  resolved "https://registry.yarnpkg.com/json-stringify-safe/-/json-stringify-safe-5.0.1.tgz#1296a2d58fd45f19a0f6ce01d65701e2c735b6eb"

jsonic@0.2.2, jsonic@^0.2.2:
  version "0.2.2"
  resolved "https://registry.yarnpkg.com/jsonic/-/jsonic-0.2.2.tgz#127bb99df4d821652c48a23d025cf2b16e618491"

lodash.last@^3.0.0:
  version "3.0.0"
  resolved "https://registry.yarnpkg.com/lodash.last/-/lodash.last-3.0.0.tgz#242f663112dd4c6e63728c60a3c909d1bdadbd4c"

lodash.pick@^4.4.0:
  version "4.4.0"
  resolved "https://registry.yarnpkg.com/lodash.pick/-/lodash.pick-4.4.0.tgz#52f05610fff9ded422611441ed1fc123a03001b3"

lodash.reduce@4.6.0:
  version "4.6.0"
  resolved "https://registry.yarnpkg.com/lodash.reduce/-/lodash.reduce-4.6.0.tgz#f1ab6b839299ad48f784abbf476596f03b914d3b"

lodash@3.10.0:
  version "3.10.0"
  resolved "https://registry.yarnpkg.com/lodash/-/lodash-3.10.0.tgz#93d51c672828a4416a12af57220ba8a8737e2fbb"

lodash@4.15.0:
  version "4.15.0"
  resolved "https://registry.yarnpkg.com/lodash/-/lodash-4.15.0.tgz#3162391d8f0140aa22cf8f6b3c34d6b7f63d3aa9"

lodash@^4.16.4, lodash@^4.5.0:
  version "4.17.4"
  resolved "https://registry.yarnpkg.com/lodash/-/lodash-4.17.4.tgz#78203a4d1c328ae1d86dca6460e369b57f4055ae"

lodash@~2.4.1:
  version "2.4.2"
  resolved "https://registry.yarnpkg.com/lodash/-/lodash-2.4.2.tgz#fadd834b9683073da179b3eae6d9c0d15053f73e"

lru-cache@4.0.1:
  version "4.0.1"
  resolved "https://registry.yarnpkg.com/lru-cache/-/lru-cache-4.0.1.tgz#1343955edaf2e37d9b9e7ee7241e27c4b9fb72be"
  dependencies:
    pseudomap "^1.0.1"
    yallist "^2.0.0"

media-typer@0.3.0:
  version "0.3.0"
  resolved "https://registry.yarnpkg.com/media-typer/-/media-typer-0.3.0.tgz#8710d7af0aa626f8fffa1ce00168545263255748"

merge-descriptors@1.0.1:
  version "1.0.1"
  resolved "https://registry.yarnpkg.com/merge-descriptors/-/merge-descriptors-1.0.1.tgz#b00aaa556dd8b44568150ec9d1b953f3f90cbb61"

methods@~1.1.2:
  version "1.1.2"
  resolved "https://registry.yarnpkg.com/methods/-/methods-1.1.2.tgz#5529a4d67654134edcc5266656835b0f851afcee"

mime-db@~1.26.0:
  version "1.26.0"
  resolved "https://registry.yarnpkg.com/mime-db/-/mime-db-1.26.0.tgz#eaffcd0e4fc6935cf8134da246e2e6c35305adff"

mime-types@~2.1.11, mime-types@~2.1.13:
  version "2.1.14"
  resolved "https://registry.yarnpkg.com/mime-types/-/mime-types-2.1.14.tgz#f7ef7d97583fcaf3b7d282b6f8b5679dab1e94ee"
  dependencies:
    mime-db "~1.26.0"

mime@1.3.4:
  version "1.3.4"
  resolved "https://registry.yarnpkg.com/mime/-/mime-1.3.4.tgz#115f9e3b6b3daf2959983cb38f149a2d40eb5d53"

minimist@1.2.0, minimist@^1.2.0:
  version "1.2.0"
  resolved "https://registry.yarnpkg.com/minimist/-/minimist-1.2.0.tgz#a35008b20f41383eec1fb914f4cd5df79a264284"

morgan@^1.7.0:
  version "1.7.0"
  resolved "https://registry.yarnpkg.com/morgan/-/morgan-1.7.0.tgz#eb10ca8e50d1abe0f8d3dad5c0201d052d981c62"
  dependencies:
    basic-auth "~1.0.3"
    debug "~2.2.0"
    depd "~1.1.0"
    on-finished "~2.3.0"
    on-headers "~1.0.1"

ms@0.7.1:
  version "0.7.1"
  resolved "https://registry.yarnpkg.com/ms/-/ms-0.7.1.tgz#9cd13c03adbff25b65effde7ce864ee952017098"

ms@0.7.2:
  version "0.7.2"
  resolved "https://registry.yarnpkg.com/ms/-/ms-0.7.2.tgz#ae25cf2512b3885a1d95d7f037868d8431124765"

ndjson@1.4.3:
  version "1.4.3"
  resolved "https://registry.yarnpkg.com/ndjson/-/ndjson-1.4.3.tgz#7aa026fe3ab38a7da1a2b4ad07b1008e733eb239"
  dependencies:
    minimist "^1.2.0"
    split2 "^0.2.1"
    through2 "^0.6.1"

negotiator@0.6.1:
  version "0.6.1"
  resolved "https://registry.yarnpkg.com/negotiator/-/negotiator-0.6.1.tgz#2b327184e8992101177b28563fb5e7102acd0ca9"

nid@0.3.2, nid@~0.3.2:
  version "0.3.2"
  resolved "https://registry.yarnpkg.com/nid/-/nid-0.3.2.tgz#977a9318ed5c2a38edd66263f3eafd8143f2251a"

nocache@2.0.0:
  version "2.0.0"
  resolved "https://registry.yarnpkg.com/nocache/-/nocache-2.0.0.tgz#202b48021a0c4cbde2df80de15a17443c8b43980"

norma@0.3.0, norma@~0.3.0:
  version "0.3.0"
  resolved "https://registry.yarnpkg.com/norma/-/norma-0.3.0.tgz#27265c3411018c32c93ee719f692cf90dec5ab64"
  dependencies:
    eraro "~0.4.1"
    lodash "~2.4.1"

on-finished@~2.3.0:
  version "2.3.0"
  resolved "https://registry.yarnpkg.com/on-finished/-/on-finished-2.3.0.tgz#20f1336481b083cd75337992a16971aa2d906947"
  dependencies:
    ee-first "1.1.1"

on-headers@~1.0.1:
  version "1.0.1"
  resolved "https://registry.yarnpkg.com/on-headers/-/on-headers-1.0.1.tgz#928f5d0f470d49342651ea6794b0857c100693f7"

ordu@0.1.1:
  version "0.1.1"
  resolved "https://registry.yarnpkg.com/ordu/-/ordu-0.1.1.tgz#9c8109493693caf08299fca84c596aeb860baeaa"

parseurl@~1.3.1:
  version "1.3.1"
  resolved "https://registry.yarnpkg.com/parseurl/-/parseurl-1.3.1.tgz#c8ab8c9223ba34888aa64a297b28853bec18da56"

path-to-regexp@0.1.7:
  version "0.1.7"
  resolved "https://registry.yarnpkg.com/path-to-regexp/-/path-to-regexp-0.1.7.tgz#df604178005f522f15eb4490e7247a1bfaa67f8c"

patrun@0.5.0:
  version "0.5.0"
  resolved "https://registry.yarnpkg.com/patrun/-/patrun-0.5.0.tgz#77a51f773ac4931bb353fd41d59de6478fc6118d"
  dependencies:
    gex "0.2.2"
    lodash "3.10.0"

patrun@0.5.1, patrun@^0.5.0:
  version "0.5.1"
  resolved "https://registry.yarnpkg.com/patrun/-/patrun-0.5.1.tgz#5bff3757f4f3fd2bdfb6a04d27942cbec3e12f1c"
  dependencies:
    gex "0.2.2"
    lodash "4.15.0"

platform@1.3.3:
  version "1.3.3"
  resolved "https://registry.yarnpkg.com/platform/-/platform-1.3.3.tgz#646c77011899870b6a0903e75e997e8e51da7461"

precond@0.2:
  version "0.2.3"
  resolved "https://registry.yarnpkg.com/precond/-/precond-0.2.3.tgz#aa9591bcaa24923f1e0f4849d240f47efc1075ac"

proxy-addr@~1.1.2:
  version "1.1.3"
  resolved "https://registry.yarnpkg.com/proxy-addr/-/proxy-addr-1.1.3.tgz#dc97502f5722e888467b3fa2297a7b1ff47df074"
  dependencies:
    forwarded "~0.1.0"
    ipaddr.js "1.2.0"

pseudomap@^1.0.1:
  version "1.0.2"
  resolved "https://registry.yarnpkg.com/pseudomap/-/pseudomap-1.0.2.tgz#f052a28da70e618917ef0a8ac34c1ae5a68286b3"

q@^1.4.1:
  version "1.4.1"
  resolved "https://registry.yarnpkg.com/q/-/q-1.4.1.tgz#55705bcd93c5f3673530c2c2cbc0c2b3addc286e"

qs@6.2.0:
  version "6.2.0"
  resolved "https://registry.yarnpkg.com/qs/-/qs-6.2.0.tgz#3b7848c03c2dece69a9522b0fae8c4126d745f3b"

qs@6.2.1:
  version "6.2.1"
  resolved "https://registry.yarnpkg.com/qs/-/qs-6.2.1.tgz#ce03c5ff0935bc1d9d69a9f14cbd18e568d67625"

range-parser@~1.2.0:
  version "1.2.0"
  resolved "https://registry.yarnpkg.com/range-parser/-/range-parser-1.2.0.tgz#f49be6b487894ddc40dcc94a322f611092e00d5e"

"readable-stream@1.x >=1.1.9":
  version "1.1.14"
  resolved "https://registry.yarnpkg.com/readable-stream/-/readable-stream-1.1.14.tgz#7cf4c54ef648e3813084c636dd2079e166c081d9"
  dependencies:
    core-util-is "~1.0.0"
    inherits "~2.0.1"
    isarray "0.0.1"
    string_decoder "~0.10.x"

"readable-stream@>=1.0.33-1 <1.1.0-0":
  version "1.0.34"
  resolved "https://registry.yarnpkg.com/readable-stream/-/readable-stream-1.0.34.tgz#125820e34bc842d2f2aaafafe4c2916ee32c157c"
  dependencies:
    core-util-is "~1.0.0"
    inherits "~2.0.1"
    isarray "0.0.1"
    string_decoder "~0.10.x"

reconnect-core@1.3.0:
  version "1.3.0"
  resolved "https://registry.yarnpkg.com/reconnect-core/-/reconnect-core-1.3.0.tgz#fbae52919a7877d844e3246d01a2f26701c833c8"
  dependencies:
    backoff "~2.5.0"

referrer-policy@1.1.0:
  version "1.1.0"
  resolved "https://registry.yarnpkg.com/referrer-policy/-/referrer-policy-1.1.0.tgz#35774eb735bf50fb6c078e83334b472350207d79"

rolling-stats@0.1.1:
  version "0.1.1"
  resolved "https://registry.yarnpkg.com/rolling-stats/-/rolling-stats-0.1.1.tgz#cd5af774a8893b30a674832fa2f4abaa478cfc80"

semver@5.3.0:
  version "5.3.0"
  resolved "https://registry.yarnpkg.com/semver/-/semver-5.3.0.tgz#9b2ce5d3de02d17c6012ad326aa6b4d0cf54f94f"

send@0.14.1:
  version "0.14.1"
  resolved "https://registry.yarnpkg.com/send/-/send-0.14.1.tgz#a954984325392f51532a7760760e459598c89f7a"
  dependencies:
    debug "~2.2.0"
    depd "~1.1.0"
    destroy "~1.0.4"
    encodeurl "~1.0.1"
    escape-html "~1.0.3"
    etag "~1.7.0"
    fresh "0.3.0"
    http-errors "~1.5.0"
    mime "1.3.4"
    ms "0.7.1"
    on-finished "~2.3.0"
    range-parser "~1.2.0"
    statuses "~1.3.0"

send@0.14.2:
  version "0.14.2"
  resolved "https://registry.yarnpkg.com/send/-/send-0.14.2.tgz#39b0438b3f510be5dc6f667a11f71689368cdeef"
  dependencies:
    debug "~2.2.0"
    depd "~1.1.0"
    destroy "~1.0.4"
    encodeurl "~1.0.1"
    escape-html "~1.0.3"
    etag "~1.7.0"
    fresh "0.3.0"
    http-errors "~1.5.1"
    mime "1.3.4"
    ms "0.7.2"
    on-finished "~2.3.0"
    range-parser "~1.2.0"
    statuses "~1.3.1"

seneca-amqp-transport@^2.1.0:
  version "2.1.0"
  resolved "https://registry.yarnpkg.com/seneca-amqp-transport/-/seneca-amqp-transport-2.1.0.tgz#8a6c3035e13f53237c8f7fcbfde94c659e05f174"
  dependencies:
    amqplib "^0.4.2"
    amqpuri "^1.0.2"
    bluebird "^3.4.6"
    jsonic "^0.2.2"
    lodash "^4.16.4"
    shortid "^2.2.6"
    uuid "^2.0.3"

seneca-legacy-logger@^0.1.0:
  version "0.1.0"
  resolved "https://registry.yarnpkg.com/seneca-legacy-logger/-/seneca-legacy-logger-0.1.0.tgz#6e55b1fab59ab03b97be680b83162e016312c5f0"
  dependencies:
    eraro "^0.4.1"
    jsonic "^0.2.2"
    lodash "^4.5.0"
    patrun "^0.5.0"

seneca-log-filter@0.1.0:
  version "0.1.0"
  resolved "https://registry.yarnpkg.com/seneca-log-filter/-/seneca-log-filter-0.1.0.tgz#f513de77dfdcc120023f847a7c60ceed0afc66b3"
  dependencies:
    lodash "4.15.0"

seneca-transport@2.1.0:
  version "2.1.0"
  resolved "https://registry.yarnpkg.com/seneca-transport/-/seneca-transport-2.1.0.tgz#06675938f3c6f20bf1b6fb4b54807ec9846b3ec7"
  dependencies:
    eraro "0.4.1"
    gex "0.2.2"
    jsonic "0.2.2"
    lodash "4.15.0"
    lru-cache "4.0.1"
    ndjson "1.4.3"
    nid "0.3.2"
    patrun "0.5.0"
    qs "6.2.1"
    reconnect-core "1.3.0"
    wreck "9.0.0"

seneca@^3.2.2:
  version "3.2.2"
  resolved "https://registry.yarnpkg.com/seneca/-/seneca-3.2.2.tgz#a9ed15d58e20759f4a14d67f7d714f201afb18fa"
  dependencies:
    archy "1.0.0"
    eraro "0.4.1"
    gate-executor "1.1.1"
    gex "0.2.2"
    json-stringify-safe "5.0.1"
    jsonic "0.2.2"
    lodash "4.15.0"
    lru-cache "4.0.1"
    minimist "1.2.0"
    nid "0.3.2"
    norma "0.3.0"
    ordu "0.1.1"
    patrun "0.5.1"
    rolling-stats "0.1.1"
    semver "5.3.0"
    seneca-log-filter "0.1.0"
    seneca-transport "2.1.0"
    use-plugin "0.3.1"

serve-static@~1.11.1:
  version "1.11.2"
  resolved "https://registry.yarnpkg.com/serve-static/-/serve-static-1.11.2.tgz#2cf9889bd4435a320cc36895c9aa57bd662e6ac7"
  dependencies:
    encodeurl "~1.0.1"
    escape-html "~1.0.3"
    parseurl "~1.3.1"
    send "0.14.2"

setprototypeof@1.0.2:
  version "1.0.2"
  resolved "https://registry.yarnpkg.com/setprototypeof/-/setprototypeof-1.0.2.tgz#81a552141ec104b88e89ce383103ad5c66564d08"

shortid@^2.2.6:
  version "2.2.6"
  resolved "https://registry.yarnpkg.com/shortid/-/shortid-2.2.6.tgz#3abbefc6c51074cf2c1f1e72f6216a1b45876d72"

split2@^0.2.1:
  version "0.2.1"
  resolved "https://registry.yarnpkg.com/split2/-/split2-0.2.1.tgz#02ddac9adc03ec0bb78c1282ec079ca6e85ae900"
  dependencies:
    through2 "~0.6.1"

"statuses@>= 1.3.1 < 2", statuses@~1.3.0, statuses@~1.3.1:
  version "1.3.1"
  resolved "https://registry.yarnpkg.com/statuses/-/statuses-1.3.1.tgz#faf51b9eb74aaef3b3acf4ad5f61abf24cb7b93e"

string_decoder@~0.10.x:
  version "0.10.31"
  resolved "https://registry.yarnpkg.com/string_decoder/-/string_decoder-0.10.31.tgz#62e203bc41766c6c28c9fc84301dab1c5310fa94"

tcp-ping@^0.1.1:
  version "0.1.1"
  resolved "http://registry.npmjs.org/tcp-ping/-/tcp-ping-0.1.1.tgz#02dd7f42b5bf7d7cb78d5b7aacefa155fd8f7c0c"

through2@^0.6.1, through2@~0.6.1:
  version "0.6.5"
  resolved "https://registry.yarnpkg.com/through2/-/through2-0.6.5.tgz#41ab9c67b29d57209071410e1d7a7a968cd3ad48"
  dependencies:
    readable-stream ">=1.0.33-1 <1.1.0-0"
    xtend ">=4.0.0 <4.1.0-0"

type-is@~1.6.13:
  version "1.6.14"
  resolved "https://registry.yarnpkg.com/type-is/-/type-is-1.6.14.tgz#e219639c17ded1ca0789092dd54a03826b817cb2"
  dependencies:
    media-typer "0.3.0"
    mime-types "~2.1.13"

unpipe@~1.0.0:
  version "1.0.0"
  resolved "https://registry.yarnpkg.com/unpipe/-/unpipe-1.0.0.tgz#b2bf4ee8514aae6165b4817829d21b2ef49904ec"

use-plugin@0.3.1:
  version "0.3.1"
  resolved "https://registry.yarnpkg.com/use-plugin/-/use-plugin-0.3.1.tgz#5d969fb99ab55ce4f1af906c9978232a758921af"
  dependencies:
    eraro "~0.4.1"
    lodash "~2.4.1"
    nid "~0.3.2"
    norma "~0.3.0"

utils-merge@1.0.0:
  version "1.0.0"
  resolved "https://registry.yarnpkg.com/utils-merge/-/utils-merge-1.0.0.tgz#0294fb922bb9375153541c4f7096231f287c8af8"

uuid@^2.0.3:
  version "2.0.3"
  resolved "https://registry.yarnpkg.com/uuid/-/uuid-2.0.3.tgz#67e2e863797215530dff318e5bf9dcebfd47b21a"

vary@~1.1.0:
  version "1.1.0"
  resolved "https://registry.yarnpkg.com/vary/-/vary-1.1.0.tgz#e1e5affbbd16ae768dd2674394b9ad3022653140"

when@~3.6.2:
  version "3.6.4"
  resolved "https://registry.yarnpkg.com/when/-/when-3.6.4.tgz#473b517ec159e2b85005497a13983f095412e34e"

wreck@9.0.0:
  version "9.0.0"
  resolved "https://registry.yarnpkg.com/wreck/-/wreck-9.0.0.tgz#1de63d49bb07b94fe718864b8be63176e63331ec"
  dependencies:
    boom "3.x.x"
    hoek "4.x.x"

x-xss-protection@1.0.0:
  version "1.0.0"
  resolved "https://registry.yarnpkg.com/x-xss-protection/-/x-xss-protection-1.0.0.tgz#898afb93869b24661cf9c52f9ee8db8ed0764dd9"

"xtend@>=4.0.0 <4.1.0-0":
  version "4.0.1"
  resolved "https://registry.yarnpkg.com/xtend/-/xtend-4.0.1.tgz#a5c6d532be656e23db820efb943a1f04998d63af"

yallist@^2.0.0:
  version "2.0.0"
  resolved "https://registry.yarnpkg.com/yallist/-/yallist-2.0.0.tgz#306c543835f09ee1a4cb23b7bce9ab341c91cdd4"
